# Generated by pub
# See https://dart.dev/tools/pub/glossary#lockfile
packages:
  archive:
    dependency: transitive
    description:
      name: archive
      sha256: a96e8b390886ee8abb49b7bd3ac8df6f451c621619f52a26e815fdcf568959ff
      url: "https://pub.dev"
    source: hosted
    version: "4.0.9"
  args:
    dependency: transitive
    description:
      name: args
      sha256: d0481093c50b1da8910eb0bb301626d4d8eb7284aa739614d2b394ee09e3ea04
      url: "https://pub.dev"
    source: hosted
    version: "2.7.0"
  async:
    dependency: transitive
    description:
      name: async
      sha256: "758e6d74e971c3e5aceb4110bfd6698efc7f501675bcfe0c775459a8140750eb"
      url: "https://pub.dev"
    source: hosted
    version: "2.13.0"
  bloc:
    dependency: transitive
    description:
      name: bloc
      sha256: a48653a82055a900b88cd35f92429f068c5a8057ae9b136d197b3d56c57efb81
      url: "https://pub.dev"
    source: hosted
    version: "9.2.0"
  boolean_selector:
    dependency: transitive
    description:
      name: boolean_selector
      sha256: "8aab1771e1243a5063b8b0ff68042d67334e3feab9e95b9490f9a6ebf73b42ea"
      url: "https://pub.dev"
    source: hosted
    version: "2.1.2"
  cached_network_image:
    dependency: "direct main"
    description:
      name: cached_network_image
      sha256: "7c1183e361e5c8b0a0f21a28401eecdbde252441106a9816400dd4c2b2424916"
      url: "https://pub.dev"
    source: hosted
    version: "3.4.1"
  cached_network_image_platform_interface:
    dependency: transitive
    description:
      name: cached_network_image_platform_interface
      sha256: "35814b016e37fbdc91f7ae18c8caf49ba5c88501813f73ce8a07027a395e2829"
      url: "https://pub.dev"
    source: hosted
    version: "4.1.1"
  cached_network_image_web:
    dependency: transitive
    description:
      name: cached_network_image_web
      sha256: "980842f4e8e2535b8dbd3d5ca0b1f0ba66bf61d14cc3a17a9b4788a3685ba062"
      url: "https://pub.dev"
    source: hosted
    version: "1.3.1"
  camera:
    dependency: "direct main"
    description:
      name: camera
      sha256: dfa8fc5a1adaeb95e7a54d86a5bd56f4bb0e035515354c8ac6d262e35cec2ec8
      url: "https://pub.dev"
    source: hosted
    version: "0.10.6"
  camera_android:
    dependency: transitive
    description:
      name: camera_android
      sha256: "27761a1e317bc072266dc1975f3a04c7fa02ff6123f18b1d89d9968951a4f002"
      url: "https://pub.dev"
    source: hosted
    version: "0.10.10+15"
  camera_avfoundation:
    dependency: transitive
    description:
      name: camera_avfoundation
      sha256: "11b4aee2f5e5e038982e152b4a342c749b414aa27857899d20f4323e94cb5f0b"
      url: "https://pub.dev"
    source: hosted
    version: "0.9.23+2"
  camera_platform_interface:
    dependency: transitive
    description:
      name: camera_platform_interface
      sha256: "98cfc9357e04bad617671b4c1f78a597f25f08003089dd94050709ae54effc63"
      url: "https://pub.dev"
    source: hosted
    version: "2.12.0"
  camera_web:
    dependency: transitive
    description:
      name: camera_web
      sha256: "57f49a635c8bf249d07fb95eb693d7e4dda6796dedb3777f9127fb54847beba7"
      url: "https://pub.dev"
    source: hosted
    version: "0.3.5+3"
  carousel_slider:
    dependency: "direct main"
    description:
      name: carousel_slider
      sha256: febf4b0163e0242adc13d7a863b04965351f59e7dfea56675c7c2caa7bcd7476
      url: "https://pub.dev"
    source: hosted
    version: "5.1.2"
  characters:
    dependency: transitive
    description:
      name: characters
      sha256: f71061c654a3380576a52b451dd5532377954cf9dbd272a78fc8479606670803
      url: "https://pub.dev"
    source: hosted
    version: "1.4.0"
  clock:
    dependency: transitive
    description:
      name: clock
      sha256: fddb70d9b5277016c77a80201021d40a2247104d9f4aa7bab7157b7e3f05b84b
      url: "https://pub.dev"
    source: hosted
    version: "1.1.2"
  code_assets:
    dependency: transitive
    description:
      name: code_assets
      sha256: "83ccdaa064c980b5596c35dd64a8d3ecc68620174ab9b90b6343b753aa721687"
      url: "https://pub.dev"
    source: hosted
    version: "1.0.0"
  collection:
    dependency: transitive
    description:
      name: collection
      sha256: "2f5709ae4d3d59dd8f7cd309b4e023046b57d8a6c82130785d2b0e5868084e76"
      url: "https://pub.dev"
    source: hosted
    version: "1.19.1"
  connectivity_plus:
    dependency: transitive
    description:
      name: connectivity_plus
      sha256: b5e72753cf63becce2c61fd04dfe0f1c430cc5278b53a1342dc5ad839eab29ec
      url: "https://pub.dev"
    source: hosted
    version: "6.1.5"
  connectivity_plus_platform_interface:
    dependency: transitive
    description:
      name: connectivity_plus_platform_interface
      sha256: "42657c1715d48b167930d5f34d00222ac100475f73d10162ddf43e714932f204"
      url: "https://pub.dev"
    source: hosted
    version: "2.0.1"
  cross_file:
    dependency: transitive
    description:
      name: cross_file
      sha256: "28bb3ae56f117b5aec029d702a90f57d285cd975c3c5c281eaca38dbc47c5937"
      url: "https://pub.dev"
    source: hosted
    version: "0.3.5+2"
  crypto:
    dependency: transitive
    description:
      name: crypto
      sha256: c8ea0233063ba03258fbcf2ca4d6dadfefe14f02fab57702265467a19f27fadf
      url: "https://pub.dev"
    source: hosted
    version: "3.0.7"
  csslib:
    dependency: transitive
    description:
      name: csslib
      sha256: "09bad715f418841f976c77db72d5398dc1253c21fb9c0c7f0b0b985860b2d58e"
      url: "https://pub.dev"
    source: hosted
    version: "1.0.2"
  cupertino_icons:
    dependency: "direct main"
    description:
      name: cupertino_icons
      sha256: ba631d1c7f7bef6b729a622b7b752645a2d076dba9976925b8f25725a30e1ee6
      url: "https://pub.dev"
    source: hosted
    version: "1.0.8"
  dbus:
    dependency: transitive
    description:
      name: dbus
      sha256: d0c98dcd4f5169878b6cf8f6e0a52403a9dff371a3e2f019697accbf6f44a270
      url: "https://pub.dev"
    source: hosted
    version: "0.7.12"
  equatable:
    dependency: "direct main"
    description:
      name: equatable
      sha256: "3e0141505477fd8ad55d6eb4e7776d3fe8430be8e497ccb1521370c3f21a3e2b"
      url: "https://pub.dev"
    source: hosted
    version: "2.0.8"
  fake_async:
    dependency: transitive
    description:
      name: fake_async
      sha256: "5368f224a74523e8d2e7399ea1638b37aecfca824a3cc4dfdf77bf1fa905ac44"
      url: "https://pub.dev"
    source: hosted
    version: "1.3.3"
  ffi:
    dependency: transitive
    description:
      name: ffi
      sha256: "6d7fd89431262d8f3125e81b50d3847a091d846eafcd4fdb88dd06f36d705a45"
      url: "https://pub.dev"
    source: hosted
    version: "2.2.0"
  file:
    dependency: transitive
    description:
      name: file
      sha256: a3b4f84adafef897088c160faf7dfffb7696046cb13ae90b508c2cbc95d3b8d4
      url: "https://pub.dev"
    source: hosted
    version: "7.0.1"
  file_selector_linux:
    dependency: transitive
    description:
      name: file_selector_linux
      sha256: "2567f398e06ac72dcf2e98a0c95df2a9edd03c2c2e0cacd4780f20cdf56263a0"
      url: "https://pub.dev"
    source: hosted
    version: "0.9.4"
  file_selector_macos:
    dependency: transitive
    description:
      name: file_selector_macos
      sha256: "5e0bbe9c312416f1787a68259ea1505b52f258c587f12920422671807c4d618a"
      url: "https://pub.dev"
    source: hosted
    version: "0.9.5"
  file_selector_platform_interface:
    dependency: transitive
    description:
      name: file_selector_platform_interface
      sha256: "35e0bd61ebcdb91a3505813b055b09b79dfdc7d0aee9c09a7ba59ae4bb13dc85"
      url: "https://pub.dev"
    source: hosted
    version: "2.7.0"
  file_selector_windows:
    dependency: transitive
    description:
      name: file_selector_windows
      sha256: "62197474ae75893a62df75939c777763d39c2bc5f73ce5b88497208bc269abfd"
      url: "https://pub.dev"
    source: hosted
    version: "0.9.3+5"
  fixnum:
    dependency: transitive
    description:
      name: fixnum
      sha256: b6dc7065e46c974bc7c5f143080a6764ec7a4be6da1285ececdc37be96de53be
      url: "https://pub.dev"
    source: hosted
    version: "1.1.1"
  flutter:
    dependency: "direct main"
    description: flutter
    source: sdk
    version: "0.0.0"
  flutter_bloc:
    dependency: "direct main"
    description:
      name: flutter_bloc
      sha256: cf51747952201a455a1c840f8171d273be009b932c75093020f9af64f2123e38
      url: "https://pub.dev"
    source: hosted
    version: "9.1.1"
  flutter_cache_manager:
    dependency: transitive
    description:
      name: flutter_cache_manager
      sha256: "400b6592f16a4409a7f2bb929a9a7e38c72cceb8ffb99ee57bbf2cb2cecf8386"
      url: "https://pub.dev"
    source: hosted
    version: "3.4.1"
  flutter_driver:
    dependency: "direct dev"
    description: flutter
    source: sdk
    version: "0.0.0"
  flutter_hooks:
    dependency: transitive
    description:
      name: flutter_hooks
      sha256: "8ae1f090e5f4ef5cfa6670ce1ab5dddadd33f3533a7f9ba19d9f958aa2a89f42"
      url: "https://pub.dev"
    source: hosted
    version: "0.21.3+1"
  flutter_html:
    dependency: "direct main"
    description:
      name: flutter_html
      sha256: "38a2fd702ffdf3243fb7441ab58aa1bc7e6922d95a50db76534de8260638558d"
      url: "https://pub.dev"
    source: hosted
    version: "3.0.0"
  flutter_image_compress:
    dependency: "direct main"
    description:
      name: flutter_image_compress
      sha256: "51d23be39efc2185e72e290042a0da41aed70b14ef97db362a6b5368d0523b27"
      url: "https://pub.dev"
    source: hosted
    version: "2.4.0"
  flutter_image_compress_common:
    dependency: transitive
    description:
      name: flutter_image_compress_common
      sha256: c5c5d50c15e97dd7dc72ff96bd7077b9f791932f2076c5c5b6c43f2c88607bfb
      url: "https://pub.dev"
    source: hosted
    version: "1.0.6"
  flutter_image_compress_macos:
    dependency: transitive
    description:
      name: flutter_image_compress_macos
      sha256: "20019719b71b743aba0ef874ed29c50747461e5e8438980dfa5c2031898f7337"
      url: "https://pub.dev"
    source: hosted
    version: "1.0.3"
  flutter_image_compress_ohos:
    dependency: transitive
    description:
      name: flutter_image_compress_ohos
      sha256: e76b92bbc830ee08f5b05962fc78a532011fcd2041f620b5400a593e96da3f51
      url: "https://pub.dev"
    source: hosted
    version: "0.0.3"
  flutter_image_compress_platform_interface:
    dependency: transitive
    description:
      name: flutter_image_compress_platform_interface
      sha256: "579cb3947fd4309103afe6442a01ca01e1e6f93dc53bb4cbd090e8ce34a41889"
      url: "https://pub.dev"
    source: hosted
    version: "1.0.5"
  flutter_image_compress_web:
    dependency: transitive
    description:
      name: flutter_image_compress_web
      sha256: b9b141ac7c686a2ce7bb9a98176321e1182c9074650e47bb140741a44b6f5a96
      url: "https://pub.dev"
    source: hosted
    version: "0.1.5"
  flutter_inappwebview:
    dependency: "direct main"
    description:
      name: flutter_inappwebview
      sha256: "80092d13d3e29b6227e25b67973c67c7210bd5e35c4b747ca908e31eb71a46d5"
      url: "https://pub.dev"
    source: hosted
    version: "6.1.5"
  flutter_inappwebview_android:
    dependency: transitive
    description:
      name: flutter_inappwebview_android
      sha256: "62557c15a5c2db5d195cb3892aab74fcaec266d7b86d59a6f0027abd672cddba"
      url: "https://pub.dev"
    source: hosted
    version: "1.1.3"
  flutter_inappwebview_internal_annotations:
    dependency: transitive
    description:
      name: flutter_inappwebview_internal_annotations
      sha256: e30fba942e3debea7b7e6cdd4f0f59ce89dd403a9865193e3221293b6d1544c6
      url: "https://pub.dev"
    source: hosted
    version: "1.3.0"
  flutter_inappwebview_ios:
    dependency: transitive
    description:
      name: flutter_inappwebview_ios
      sha256: "5818cf9b26cf0cbb0f62ff50772217d41ea8d3d9cc00279c45f8aabaa1b4025d"
      url: "https://pub.dev"
    source: hosted
    version: "1.1.2"
  flutter_inappwebview_macos:
    dependency: transitive
    description:
      name: flutter_inappwebview_macos
      sha256: c1fbb86af1a3738e3541364d7d1866315ffb0468a1a77e34198c9be571287da1
      url: "https://pub.dev"
    source: hosted
    version: "1.1.2"
  flutter_inappwebview_platform_interface:
    dependency: transitive
    description:
      name: flutter_inappwebview_platform_interface
      sha256: cf5323e194096b6ede7a1ca808c3e0a078e4b33cc3f6338977d75b4024ba2500
      url: "https://pub.dev"
    source: hosted
    version: "1.3.0+1"
  flutter_inappwebview_web:
    dependency: transitive
    description:
      name: flutter_inappwebview_web
      sha256: "55f89c83b0a0d3b7893306b3bb545ba4770a4df018204917148ebb42dc14a598"
      url: "https://pub.dev"
    source: hosted
    version: "1.1.2"
  flutter_inappwebview_windows:
    dependency: transitive
    description:
      name: flutter_inappwebview_windows
      sha256: "8b4d3a46078a2cdc636c4a3d10d10f2a16882f6be607962dbfff8874d1642055"
      url: "https://pub.dev"
    source: hosted
    version: "0.6.0"
  flutter_lints:
    dependency: "direct dev"
    description:
      name: flutter_lints
      sha256: "3105dc8492f6183fb076ccf1f351ac3d60564bff92e20bfc4af9cc1651f4e7e1"
      url: "https://pub.dev"
    source: hosted
    version: "6.0.0"
  flutter_plugin_android_lifecycle:
    dependency: transitive
    description:
      name: flutter_plugin_android_lifecycle
      sha256: ee8068e0e1cd16c4a82714119918efdeed33b3ba7772c54b5d094ab53f9b7fd1
      url: "https://pub.dev"
    source: hosted
    version: "2.0.33"
  flutter_rating_bar:
    dependency: "direct main"
    description:
      name: flutter_rating_bar
      sha256: d2af03469eac832c591a1eba47c91ecc871fe5708e69967073c043b2d775ed93
      url: "https://pub.dev"
    source: hosted
    version: "4.0.1"
  flutter_staggered_grid_view:
    dependency: "direct main"
    description:
      name: flutter_staggered_grid_view
      sha256: "19e7abb550c96fbfeb546b23f3ff356ee7c59a019a651f8f102a4ba9b7349395"
      url: "https://pub.dev"
    source: hosted
    version: "0.7.0"
  flutter_svg:
    dependency: "direct main"
    description:
      name: flutter_svg
      sha256: "87fbd7c534435b6c5d9d98b01e1fd527812b82e68ddd8bd35fc45ed0fa8f0a95"
      url: "https://pub.dev"
    source: hosted
    version: "2.2.3"
  flutter_test:
    dependency: "direct dev"
    description: flutter
    source: sdk
    version: "0.0.0"
  flutter_web_plugins:
    dependency: transitive
    description: flutter
    source: sdk
    version: "0.0.0"
  fuchsia_remote_debug_protocol:
    dependency: transitive
    description: flutter
    source: sdk
    version: "0.0.0"
  glob:
    dependency: transitive
    description:
      name: glob
      sha256: c3f1ee72c96f8f78935e18aa8cecced9ab132419e8625dc187e1c2408efc20de
      url: "https://pub.dev"
    source: hosted
    version: "2.1.3"
  google_mlkit_commons:
    dependency: transitive
    description:
      name: google_mlkit_commons
      sha256: "9990a65f407a3ef6bae646bf10143faa93fec126683771465bc6c0b43fb0e6e9"
      url: "https://pub.dev"
    source: hosted
    version: "0.8.1"
  google_mlkit_image_labeling:
    dependency: "direct main"
    description:
      name: google_mlkit_image_labeling
      sha256: ec0911d514e86c8d287772fd279e7a21abb078b6163957b8f9d7b1c204866f16
      url: "https://pub.dev"
    source: hosted
    version: "0.12.1"
  google_mlkit_object_detection:
    dependency: "direct main"
    description:
      name: google_mlkit_object_detection
      sha256: c516ed16c011a47c3abc8f087c6183fa1980b032278a4a1b45872e98d6f4180e
      url: "https://pub.dev"
    source: hosted
    version: "0.13.1"
  gql:
    dependency: transitive
    description:
      name: gql
      sha256: "67c32325eb55c15f526f0f5e7d8b38a463dbff2ec3c2e046be4a1a95f0dc93d1"
      url: "https://pub.dev"
    source: hosted
    version: "1.0.1"
  gql_dedupe_link:
    dependency: transitive
    description:
      name: gql_dedupe_link
      sha256: "10bee0564d67c24e0c8bd08bd56e0682b64a135e58afabbeed30d85d5e9fea96"
      url: "https://pub.dev"
    source: hosted
    version: "2.0.4-alpha+1715521079596"
  gql_error_link:
    dependency: transitive
    description:
      name: gql_error_link
      sha256: dd0f3fbfbcec848ea050507470cdb5d3dc47d29544ae11044a1c883cbe159ccc
      url: "https://pub.dev"
    source: hosted
    version: "1.0.1"
  gql_exec:
    dependency: transitive
    description:
      name: gql_exec
      sha256: "394944626fae900f1d34343ecf2d62e44eb984826189c8979d305f0ae5846e38"
      url: "https://pub.dev"
    source: hosted
    version: "1.1.1-alpha+1699813812660"
  gql_http_link:
    dependency: transitive
    description:
      name: gql_http_link
      sha256: "07635e85a4f313836904961904417fd27844fe8f68f77b410a4e6b81d8e9202e"
      url: "https://pub.dev"
    source: hosted
    version: "1.2.0"
  gql_link:
    dependency: transitive
    description:
      name: gql_link
      sha256: "0730276ce3a6a0ced073194ff923a8d99b3c78e442cbf096eb54fd0c3fa9f974"
      url: "https://pub.dev"
    source: hosted
    version: "1.1.0"
  gql_transform_link:
    dependency: transitive
    description:
      name: gql_transform_link
      sha256: b3bb06a6991bc5c9d877e2757455f80e2c14dc684b8327bedae4f4ee67afae8b
      url: "https://pub.dev"
    source: hosted
    version: "1.0.1"
  graphql:
    dependency: "direct main"
    description:
      name: graphql
      sha256: "297a1680520e7b4d3c5784cfcea11a16d599702911b74a8ab50857c6d58741b9"
      url: "https://pub.dev"
    source: hosted
    version: "5.2.3"
  graphql_flutter:
    dependency: "direct main"
    description:
      name: graphql_flutter
      sha256: "0fef9dc2483c4f21c6ac93cd2ef0b820542fc0ce6db6efa87367326d7f36ade4"
      url: "https://pub.dev"
    source: hosted
    version: "5.2.1"
  hive:
    dependency: transitive
    description:
      name: hive
      sha256: "8dcf6db979d7933da8217edcec84e9df1bdb4e4edc7fc77dbd5aa74356d6d941"
      url: "https://pub.dev"
    source: hosted
    version: "2.2.3"
  hive_ce:
    dependency: transitive
    description:
      name: hive_ce
      sha256: "8e9980e68643afb1e765d3af32b47996552a64e190d03faf622cea07c1294418"
      url: "https://pub.dev"
    source: hosted
    version: "2.19.3"
  hooks:
    dependency: transitive
    description:
      name: hooks
      sha256: "7a08a0d684cb3b8fb604b78455d5d352f502b68079f7b80b831c62220ab0a4f6"
      url: "https://pub.dev"
    source: hosted
    version: "1.0.1"
  html:
    dependency: transitive
    description:
      name: html
      sha256: "6d1264f2dffa1b1101c25a91dff0dc2daee4c18e87cd8538729773c073dbf602"
      url: "https://pub.dev"
    source: hosted
    version: "0.15.6"
  http:
    dependency: "direct main"
    description:
      name: http
      sha256: "87721a4a50b19c7f1d49001e51409bddc46303966ce89a65af4f4e6004896412"
      url: "https://pub.dev"
    source: hosted
    version: "1.6.0"
  http_parser:
    dependency: transitive
    description:
      name: http_parser
      sha256: "178d74305e7866013777bab2c3d8726205dc5a4dd935297175b19a23a2e66571"
      url: "https://pub.dev"
    source: hosted
    version: "4.1.2"
  image:
    dependency: "direct main"
    description:
      name: image
      sha256: f9881ff4998044947ec38d098bc7c8316ae1186fa786eddffdb867b9bc94dfce
      url: "https://pub.dev"
    source: hosted
    version: "4.8.0"
  image_picker:
    dependency: "direct main"
    description:
      name: image_picker
      sha256: "784210112be18ea55f69d7076e2c656a4e24949fa9e76429fe53af0c0f4fa320"
      url: "https://pub.dev"
    source: hosted
    version: "1.2.1"
  image_picker_android:
    dependency: transitive
    description:
      name: image_picker_android
      sha256: eda9b91b7e266d9041084a42d605a74937d996b87083395c5e47835916a86156
      url: "https://pub.dev"
    source: hosted
    version: "0.8.13+14"
  image_picker_for_web:
    dependency: transitive
    description:
      name: image_picker_for_web
      sha256: "66257a3191ab360d23a55c8241c91a6e329d31e94efa7be9cf7a212e65850214"
      url: "https://pub.dev"
    source: hosted
    version: "3.1.1"
  image_picker_ios:
    dependency: transitive
    description:
      name: image_picker_ios
      sha256: b9c4a438a9ff4f60808c9cf0039b93a42bb6c2211ef6ebb647394b2b3fa84588
      url: "https://pub.dev"
    source: hosted
    version: "0.8.13+6"
  image_picker_linux:
    dependency: transitive
    description:
      name: image_picker_linux
      sha256: "1f81c5f2046b9ab724f85523e4af65be1d47b038160a8c8deed909762c308ed4"
      url: "https://pub.dev"
    source: hosted
    version: "0.2.2"
  image_picker_macos:
    dependency: transitive
    description:
      name: image_picker_macos
      sha256: "86f0f15a309de7e1a552c12df9ce5b59fe927e71385329355aec4776c6a8ec91"
      url: "https://pub.dev"
    source: hosted
    version: "0.2.2+1"
  image_picker_platform_interface:
    dependency: transitive
    description:
      name: image_picker_platform_interface
      sha256: "567e056716333a1647c64bb6bd873cff7622233a5c3f694be28a583d4715690c"
      url: "https://pub.dev"
    source: hosted
    version: "2.11.1"
  image_picker_windows:
    dependency: transitive
    description:
      name: image_picker_windows
      sha256: d248c86554a72b5495a31c56f060cf73a41c7ff541689327b1a7dbccc33adfae
      url: "https://pub.dev"
    source: hosted
    version: "0.2.2"
  isolate_channel:
    dependency: transitive
    description:
      name: isolate_channel
      sha256: a9d3d620695bc984244dafae00b95e4319d6974b2d77f4b9e1eb4f2efe099094
      url: "https://pub.dev"
    source: hosted
    version: "0.6.1"
  json_annotation:
    dependency: transitive
    description:
      name: json_annotation
      sha256: "805fa86df56383000f640384b282ce0cb8431f1a7a2396de92fb66186d8c57df"
      url: "https://pub.dev"
    source: hosted
    version: "4.10.0"
  leak_tracker:
    dependency: transitive
    description:
      name: leak_tracker
      sha256: "33e2e26bdd85a0112ec15400c8cbffea70d0f9c3407491f672a2fad47915e2de"
      url: "https://pub.dev"
    source: hosted
    version: "11.0.2"
  leak_tracker_flutter_testing:
    dependency: transitive
    description:
      name: leak_tracker_flutter_testing
      sha256: "1dbc140bb5a23c75ea9c4811222756104fbcd1a27173f0c34ca01e16bea473c1"
      url: "https://pub.dev"
    source: hosted
    version: "3.0.10"
  leak_tracker_testing:
    dependency: transitive
    description:
      name: leak_tracker_testing
      sha256: "8d5a2d49f4a66b49744b23b018848400d23e54caf9463f4eb20df3eb8acb2eb1"
      url: "https://pub.dev"
    source: hosted
    version: "3.0.2"
  lints:
    dependency: transitive
    description:
      name: lints
      sha256: "12f842a479589fea194fe5c5a3095abc7be0c1f2ddfa9a0e76aed1dbd26a87df"
      url: "https://pub.dev"
    source: hosted
    version: "6.1.0"
  list_counter:
    dependency: transitive
    description:
      name: list_counter
      sha256: c447ae3dfcd1c55f0152867090e67e219d42fe6d4f2807db4bbe8b8d69912237
      url: "https://pub.dev"
    source: hosted
    version: "1.0.2"
  logging:
    dependency: transitive
    description:
      name: logging
      sha256: c8245ada5f1717ed44271ed1c26b8ce85ca3228fd2ffdb75468ab01979309d61
      url: "https://pub.dev"
    source: hosted
    version: "1.3.0"
  matcher:
    dependency: transitive
    description:
      name: matcher
      sha256: dc58c723c3c24bf8d3e2d3ad3f2f9d7bd9cf43ec6feaa64181775e60190153f2
      url: "https://pub.dev"
    source: hosted
    version: "0.12.17"
  material_color_utilities:
    dependency: transitive
    description:
      name: material_color_utilities
      sha256: f7142bb1154231d7ea5f96bc7bde4bda2a0945d2806bb11670e30b850d56bdec
      url: "https://pub.dev"
    source: hosted
    version: "0.11.1"
  meta:
    dependency: transitive
    description:
      name: meta
      sha256: "23f08335362185a5ea2ad3a4e597f1375e78bce8a040df5c600c8d3552ef2394"
      url: "https://pub.dev"
    source: hosted
    version: "1.17.0"
  mime:
    dependency: transitive
    description:
      name: mime
      sha256: "801fd0b26f14a4a58ccb09d5892c3fbdeff209594300a542492cf13fba9d247a"
      url: "https://pub.dev"
    source: hosted
    version: "1.0.6"
  native_toolchain_c:
    dependency: transitive
    description:
      name: native_toolchain_c
      sha256: "89e83885ba09da5fdf2cdacc8002a712ca238c28b7f717910b34bcd27b0d03ac"
      url: "https://pub.dev"
    source: hosted
    version: "0.17.4"
  nested:
    dependency: transitive
    description:
      name: nested
      sha256: "03bac4c528c64c95c722ec99280375a6f2fc708eec17c7b3f07253b626cd2a20"
      url: "https://pub.dev"
    source: hosted
    version: "1.0.0"
  nm:
    dependency: transitive
    description:
      name: nm
      sha256: "2c9aae4127bdc8993206464fcc063611e0e36e72018696cd9631023a31b24254"
      url: "https://pub.dev"
    source: hosted
    version: "0.5.0"
  normalize:
    dependency: transitive
    description:
      name: normalize
      sha256: f78bf0552b9640c76369253f0b8fdabad4f3fbfc06bdae9359e71bee9a5b071b
      url: "https://pub.dev"
    source: hosted
    version: "0.9.1"
  objective_c:
    dependency: transitive
    description:
      name: objective_c
      sha256: "100a1c87616ab6ed41ec263b083c0ef3261ee6cd1dc3b0f35f8ddfa4f996fe52"
      url: "https://pub.dev"
    source: hosted
    version: "9.3.0"
  octo_image:
    dependency: transitive
    description:
      name: octo_image
      sha256: "34faa6639a78c7e3cbe79be6f9f96535867e879748ade7d17c9b1ae7536293bd"
      url: "https://pub.dev"
    source: hosted
    version: "2.1.0"
  path:
    dependency: transitive
    description:
      name: path
      sha256: "75cca69d1490965be98c73ceaea117e8a04dd21217b37b292c9ddbec0d955bc5"
      url: "https://pub.dev"
    source: hosted
    version: "1.9.1"
  path_parsing:
    dependency: transitive
    description:
      name: path_parsing
      sha256: "883402936929eac138ee0a45da5b0f2c80f89913e6dc3bf77eb65b84b409c6ca"
      url: "https://pub.dev"
    source: hosted
    version: "1.1.0"
  path_provider:
    dependency: "direct main"
    description:
      name: path_provider
      sha256: "50c5dd5b6e1aaf6fb3a78b33f6aa3afca52bf903a8a5298f53101fdaee55bbcd"
      url: "https://pub.dev"
    source: hosted
    version: "2.1.5"
  path_provider_android:
    dependency: transitive
    description:
      name: path_provider_android
      sha256: f2c65e21139ce2c3dad46922be8272bb5963516045659e71bb16e151c93b580e
      url: "https://pub.dev"
    source: hosted
    version: "2.2.22"
  path_provider_foundation:
    dependency: transitive
    description:
      name: path_provider_foundation
      sha256: "2a376b7d6392d80cd3705782d2caa734ca4727776db0b6ec36ef3f1855197699"
      url: "https://pub.dev"
    source: hosted
    version: "2.6.0"
  path_provider_linux:
    dependency: transitive
    description:
      name: path_provider_linux
      sha256: f7a1fe3a634fe7734c8d3f2766ad746ae2a2884abe22e241a8b301bf5cac3279
      url: "https://pub.dev"
    source: hosted
    version: "2.2.1"
  path_provider_platform_interface:
    dependency: transitive
    description:
      name: path_provider_platform_interface
      sha256: "88f5779f72ba699763fa3a3b06aa4bf6de76c8e5de842cf6f29e2e06476c2334"
      url: "https://pub.dev"
    source: hosted
    version: "2.1.2"
  path_provider_windows:
    dependency: transitive
    description:
      name: path_provider_windows
      sha256: bd6f00dbd873bfb70d0761682da2b3a2c2fccc2b9e84c495821639601d81afe7
      url: "https://pub.dev"
    source: hosted
    version: "2.3.0"
  pedantic:
    dependency: transitive
    description:
      name: pedantic
      sha256: "67fc27ed9639506c856c840ccce7594d0bdcd91bc8d53d6e52359449a1d50602"
      url: "https://pub.dev"
    source: hosted
    version: "1.11.1"
  permission_handler:
    dependency: "direct main"
    description:
      name: permission_handler
      sha256: "59adad729136f01ea9e35a48f5d1395e25cba6cea552249ddbe9cf950f5d7849"
      url: "https://pub.dev"
    source: hosted
    version: "11.4.0"
  permission_handler_android:
    dependency: transitive
    description:
      name: permission_handler_android
      sha256: d3971dcdd76182a0c198c096b5db2f0884b0d4196723d21a866fc4cdea057ebc
      url: "https://pub.dev"
    source: hosted
    version: "12.1.0"
  permission_handler_apple:
    dependency: transitive
    description:
      name: permission_handler_apple
      sha256: f000131e755c54cf4d84a5d8bd6e4149e262cc31c5a8b1d698de1ac85fa41023
      url: "https://pub.dev"
    source: hosted
    version: "9.4.7"
  permission_handler_html:
    dependency: transitive
    description:
      name: permission_handler_html
      sha256: "38f000e83355abb3392140f6bc3030660cfaef189e1f87824facb76300b4ff24"
      url: "https://pub.dev"
    source: hosted
    version: "0.1.3+5"
  permission_handler_platform_interface:
    dependency: transitive
    description:
      name: permission_handler_platform_interface
      sha256: eb99b295153abce5d683cac8c02e22faab63e50679b937fa1bf67d58bb282878
      url: "https://pub.dev"
    source: hosted
    version: "4.3.0"
  permission_handler_windows:
    dependency: transitive
    description:
      name: permission_handler_windows
      sha256: "1a790728016f79a41216d88672dbc5df30e686e811ad4e698bfc51f76ad91f1e"
      url: "https://pub.dev"
    source: hosted
    version: "0.2.1"
  petitparser:
    dependency: transitive
    description:
      name: petitparser
      sha256: "91bd59303e9f769f108f8df05e371341b15d59e995e6806aefab827b58336675"
      url: "https://pub.dev"
    source: hosted
    version: "7.0.2"
  platform:
    dependency: transitive
    description:
      name: platform
      sha256: "5d6b1b0036a5f331ebc77c850ebc8506cbc1e9416c27e59b439f917a902a4984"
      url: "https://pub.dev"
    source: hosted
    version: "3.1.6"
  plugin_platform_interface:
    dependency: transitive
    description:
      name: plugin_platform_interface
      sha256: "4820fbfdb9478b1ebae27888254d445073732dae3d6ea81f0b7e06d5dedc3f02"
      url: "https://pub.dev"
    source: hosted
    version: "2.1.8"
  posix:
    dependency: transitive
    description:
      name: posix
      sha256: "6323a5b0fa688b6a010df4905a56b00181479e6d10534cecfecede2aa55add61"
      url: "https://pub.dev"
    source: hosted
    version: "6.0.3"
  process:
    dependency: transitive
    description:
      name: process
      sha256: c6248e4526673988586e8c00bb22a49210c258dc91df5227d5da9748ecf79744
      url: "https://pub.dev"
    source: hosted
    version: "5.0.5"
  provider:
    dependency: "direct main"
    description:
      name: provider
      sha256: "4e82183fa20e5ca25703ead7e05de9e4cceed1fbd1eadc1ac3cb6f565a09f272"
      url: "https://pub.dev"
    source: hosted
    version: "6.1.5+1"
  pub_semver:
    dependency: transitive
    description:
      name: pub_semver
      sha256: "5bfcf68ca79ef689f8990d1160781b4bad40a3bd5e5218ad4076ddb7f4081585"
      url: "https://pub.dev"
    source: hosted
    version: "2.2.0"
  rxdart:
    dependency: transitive
    description:
      name: rxdart
      sha256: "5c3004a4a8dbb94bd4bf5412a4def4acdaa12e12f269737a5751369e12d1a962"
      url: "https://pub.dev"
    source: hosted
    version: "0.28.0"
  share_plus:
    dependency: "direct main"
    description:
      name: share_plus
      sha256: fce43200aa03ea87b91ce4c3ac79f0cecd52e2a7a56c7a4185023c271fbfa6da
      url: "https://pub.dev"
    source: hosted
    version: "10.1.4"
  share_plus_platform_interface:
    dependency: transitive
    description:
      name: share_plus_platform_interface
      sha256: cc012a23fc2d479854e6c80150696c4a5f5bb62cb89af4de1c505cf78d0a5d0b
      url: "https://pub.dev"
    source: hosted
    version: "5.0.2"
  shared_preferences:
    dependency: "direct main"
    description:
      name: shared_preferences
      sha256: "2939ae520c9024cb197fc20dee269cd8cdbf564c8b5746374ec6cacdc5169e64"
      url: "https://pub.dev"
    source: hosted
    version: "2.5.4"
  shared_preferences_android:
    dependency: transitive
    description:
      name: shared_preferences_android
      sha256: cbc40be9be1c5af4dab4d6e0de4d5d3729e6f3d65b89d21e1815d57705644a6f
      url: "https://pub.dev"
    source: hosted
    version: "2.4.20"
  shared_preferences_foundation:
    dependency: transitive
    description:
      name: shared_preferences_foundation
      sha256: "4e7eaffc2b17ba398759f1151415869a34771ba11ebbccd1b0145472a619a64f"
      url: "https://pub.dev"
    source: hosted
    version: "2.5.6"
  shared_preferences_linux:
    dependency: transitive
    description:
      name: shared_preferences_linux
      sha256: "580abfd40f415611503cae30adf626e6656dfb2f0cee8f465ece7b6defb40f2f"
      url: "https://pub.dev"
    source: hosted
    version: "2.4.1"
  shared_preferences_platform_interface:
    dependency: transitive
    description:
      name: shared_preferences_platform_interface
      sha256: "57cbf196c486bc2cf1f02b85784932c6094376284b3ad5779d1b1c6c6a816b80"
      url: "https://pub.dev"
    source: hosted
    version: "2.4.1"
  shared_preferences_web:
    dependency: transitive
    description:
      name: shared_preferences_web
      sha256: c49bd060261c9a3f0ff445892695d6212ff603ef3115edbb448509d407600019
      url: "https://pub.dev"
    source: hosted
    version: "2.4.3"
  shared_preferences_windows:
    dependency: transitive
    description:
      name: shared_preferences_windows
      sha256: "94ef0f72b2d71bc3e700e025db3710911bd51a71cefb65cc609dd0d9a982e3c1"
      url: "https://pub.dev"
    source: hosted
    version: "2.4.1"
  shimmer:
    dependency: "direct main"
    description:
      name: shimmer
      sha256: "5f88c883a22e9f9f299e5ba0e4f7e6054857224976a5d9f839d4ebdc94a14ac9"
      url: "https://pub.dev"
    source: hosted
    version: "3.0.0"
  sky_engine:
    dependency: transitive
    description: flutter
    source: sdk
    version: "0.0.0"
  source_span:
    dependency: transitive
    description:
      name: source_span
      sha256: "56a02f1f4cd1a2d96303c0144c93bd6d909eea6bee6bf5a0e0b685edbd4c47ab"
      url: "https://pub.dev"
    source: hosted
    version: "1.10.2"
  speech_to_text:
    dependency: "direct main"
    description:
      name: speech_to_text
      sha256: c07557664974afa061f221d0d4186935bea4220728ea9446702825e8b988db04
      url: "https://pub.dev"
    source: hosted
    version: "7.3.0"
  speech_to_text_platform_interface:
    dependency: transitive
    description:
      name: speech_to_text_platform_interface
      sha256: a1935847704e41ee468aad83181ddd2423d0833abe55d769c59afca07adb5114
      url: "https://pub.dev"
    source: hosted
    version: "2.3.0"
  speech_to_text_windows:
    dependency: transitive
    description:
      name: speech_to_text_windows
      sha256: "2c9846d18253c7bbe059a276297ef9f27e8a2745dead32192525beb208195072"
      url: "https://pub.dev"
    source: hosted
    version: "1.0.0+beta.8"
  sqflite:
    dependency: transitive
    description:
      name: sqflite
      sha256: e2297b1da52f127bc7a3da11439985d9b536f75070f3325e62ada69a5c585d03
      url: "https://pub.dev"
    source: hosted
    version: "2.4.2"
  sqflite_android:
    dependency: transitive
    description:
      name: sqflite_android
      sha256: ecd684501ebc2ae9a83536e8b15731642b9570dc8623e0073d227d0ee2bfea88
      url: "https://pub.dev"
    source: hosted
    version: "2.4.2+2"
  sqflite_common:
    dependency: transitive
    description:
      name: sqflite_common
      sha256: "6ef422a4525ecc601db6c0a2233ff448c731307906e92cabc9ba292afaae16a6"
      url: "https://pub.dev"
    source: hosted
    version: "2.5.6"
  sqflite_darwin:
    dependency: transitive
    description:
      name: sqflite_darwin
      sha256: "279832e5cde3fe99e8571879498c9211f3ca6391b0d818df4e17d9fff5c6ccb3"
      url: "https://pub.dev"
    source: hosted
    version: "2.4.2"
  sqflite_platform_interface:
    dependency: transitive
    description:
      name: sqflite_platform_interface
      sha256: "8dd4515c7bdcae0a785b0062859336de775e8c65db81ae33dd5445f35be61920"
      url: "https://pub.dev"
    source: hosted
    version: "2.4.0"
  stack_trace:
    dependency: transitive
    description:
      name: stack_trace
      sha256: "8b27215b45d22309b5cddda1aa2b19bdfec9df0e765f2de506401c071d38d1b1"
      url: "https://pub.dev"
    source: hosted
    version: "1.12.1"
  stream_channel:
    dependency: transitive
    description:
      name: stream_channel
      sha256: "969e04c80b8bcdf826f8f16579c7b14d780458bd97f56d107d3950fdbeef059d"
      url: "https://pub.dev"
    source: hosted
    version: "2.1.4"
  stream_transform:
    dependency: transitive
    description:
      name: stream_transform
      sha256: ad47125e588cfd37a9a7f86c7d6356dde8dfe89d071d293f80ca9e9273a33871
      url: "https://pub.dev"
    source: hosted
    version: "2.1.1"
  string_scanner:
    dependency: transitive
    description:
      name: string_scanner
      sha256: "921cd31725b72fe181906c6a94d987c78e3b98c2e205b397ea399d4054872b43"
      url: "https://pub.dev"
    source: hosted
    version: "1.4.1"
  sync_http:
    dependency: transitive
    description:
      name: sync_http
      sha256: "7f0cd72eca000d2e026bcd6f990b81d0ca06022ef4e32fb257b30d3d1014a961"
      url: "https://pub.dev"
    source: hosted
    version: "0.3.1"
  synchronized:
    dependency: transitive
    description:
      name: synchronized
      sha256: c254ade258ec8282947a0acbbc90b9575b4f19673533ee46f2f6e9b3aeefd7c0
      url: "https://pub.dev"
    source: hosted
    version: "3.4.0"
  term_glyph:
    dependency: transitive
    description:
      name: term_glyph
      sha256: "7f554798625ea768a7518313e58f83891c7f5024f88e46e7182a4558850a4b8e"
      url: "https://pub.dev"
    source: hosted
    version: "1.2.2"
  test_api:
    dependency: transitive
    description:
      name: test_api
      sha256: ab2726c1a94d3176a45960b6234466ec367179b87dd74f1611adb1f3b5fb9d55
      url: "https://pub.dev"
    source: hosted
    version: "0.7.7"
  typed_data:
    dependency: transitive
    description:
      name: typed_data
      sha256: f9049c039ebfeb4cf7a7104a675823cd72dba8297f264b6637062516699fa006
      url: "https://pub.dev"
    source: hosted
    version: "1.4.0"
  url_launcher:
    dependency: "direct main"
    description:
      name: url_launcher
      sha256: f6a7e5c4835bb4e3026a04793a4199ca2d14c739ec378fdfe23fc8075d0439f8
      url: "https://pub.dev"
    source: hosted
    version: "6.3.2"
  url_launcher_android:
    dependency: transitive
    description:
      name: url_launcher_android
      sha256: "767344bf3063897b5cf0db830e94f904528e6dd50a6dfaf839f0abf509009611"
      url: "https://pub.dev"
    source: hosted
    version: "6.3.28"
  url_launcher_ios:
    dependency: transitive
    description:
      name: url_launcher_ios
      sha256: "580fe5dfb51671ae38191d316e027f6b76272b026370708c2d898799750a02b0"
      url: "https://pub.dev"
    source: hosted
    version: "6.4.1"
  url_launcher_linux:
    dependency: transitive
    description:
      name: url_launcher_linux
      sha256: d5e14138b3bc193a0f63c10a53c94b91d399df0512b1f29b94a043db7482384a
      url: "https://pub.dev"
    source: hosted
    version: "3.2.2"
  url_launcher_macos:
    dependency: transitive
    description:
      name: url_launcher_macos
      sha256: "368adf46f71ad3c21b8f06614adb38346f193f3a59ba8fe9a2fd74133070ba18"
      url: "https://pub.dev"
    source: hosted
    version: "3.2.5"
  url_launcher_platform_interface:
    dependency: transitive
    description:
      name: url_launcher_platform_interface
      sha256: "552f8a1e663569be95a8190206a38187b531910283c3e982193e4f2733f01029"
      url: "https://pub.dev"
    source: hosted
    version: "2.3.2"
  url_launcher_web:
    dependency: transitive
    description:
      name: url_launcher_web
      sha256: d0412fcf4c6b31ecfdb7762359b7206ffba3bbffd396c6d9f9c4616ece476c1f
      url: "https://pub.dev"
    source: hosted
    version: "2.4.2"
  url_launcher_windows:
    dependency: transitive
    description:
      name: url_launcher_windows
      sha256: "712c70ab1b99744ff066053cbe3e80c73332b38d46e5e945c98689b2e66fc15f"
      url: "https://pub.dev"
    source: hosted
    version: "3.1.5"
  uuid:
    dependency: transitive
    description:
      name: uuid
      sha256: a11b666489b1954e01d992f3d601b1804a33937b5a8fe677bd26b8a9f96f96e8
      url: "https://pub.dev"
    source: hosted
    version: "4.5.2"
  vector_graphics:
    dependency: transitive
    description:
      name: vector_graphics
      sha256: a4f059dc26fc8295b5921376600a194c4ec7d55e72f2fe4c7d2831e103d461e6
      url: "https://pub.dev"
    source: hosted
    version: "1.1.19"
  vector_graphics_codec:
    dependency: transitive
    description:
      name: vector_graphics_codec
      sha256: "99fd9fbd34d9f9a32efd7b6a6aae14125d8237b10403b422a6a6dfeac2806146"
      url: "https://pub.dev"
    source: hosted
    version: "1.1.13"
  vector_graphics_compiler:
    dependency: transitive
    description:
      name: vector_graphics_compiler
      sha256: "201e876b5d52753626af64b6359cd13ac6011b80728731428fd34bc840f71c9b"
      url: "https://pub.dev"
    source: hosted
    version: "1.1.20"
  vector_math:
    dependency: transitive
    description:
      name: vector_math
      sha256: d530bd74fea330e6e364cda7a85019c434070188383e1cd8d9777ee586914c5b
      url: "https://pub.dev"
    source: hosted
    version: "2.2.0"
  vm_service:
    dependency: transitive
    description:
      name: vm_service
      sha256: "45caa6c5917fa127b5dbcfbd1fa60b14e583afdc08bfc96dda38886ca252eb60"
      url: "https://pub.dev"
    source: hosted
    version: "15.0.2"
  web:
    dependency: transitive
    description:
      name: web
      sha256: "868d88a33d8a87b18ffc05f9f030ba328ffefba92d6c127917a2ba740f9cfe4a"
      url: "https://pub.dev"
    source: hosted
    version: "1.1.1"
  web_socket:
    dependency: transitive
    description:
      name: web_socket
      sha256: "34d64019aa8e36bf9842ac014bb5d2f5586ca73df5e4d9bf5c936975cae6982c"
      url: "https://pub.dev"
    source: hosted
    version: "1.0.1"
  web_socket_channel:
    dependency: transitive
    description:
      name: web_socket_channel
      sha256: d645757fb0f4773d602444000a8131ff5d48c9e47adfe9772652dd1a4f2d45c8
      url: "https://pub.dev"
    source: hosted
    version: "3.0.3"
  webdriver:
    dependency: transitive
    description:
      name: webdriver
      sha256: "2f3a14ca026957870cfd9c635b83507e0e51d8091568e90129fbf805aba7cade"
      url: "https://pub.dev"
    source: hosted
    version: "3.1.0"
  win32:
    dependency: transitive
    description:
      name: win32
      sha256: d7cb55e04cd34096cd3a79b3330245f54cb96a370a1c27adb3c84b917de8b08e
      url: "https://pub.dev"
    source: hosted
    version: "5.15.0"
  xdg_directories:
    dependency: transitive
    description:
      name: xdg_directories
      sha256: "7a3f37b05d989967cdddcbb571f1ea834867ae2faa29725fd085180e0883aa15"
      url: "https://pub.dev"
    source: hosted
    version: "1.1.0"
  xml:
    dependency: transitive
    description:
      name: xml
      sha256: "971043b3a0d3da28727e40ed3e0b5d18b742fa5a68665cca88e74b7876d5e025"
      url: "https://pub.dev"
    source: hosted
    version: "6.6.1"
  yaml:
    dependency: transitive
    description:
      name: yaml
      sha256: b9da305ac7c39faa3f030eccd175340f968459dae4af175130b3fc47e40d76ce
      url: "https://pub.dev"
    source: hosted
    version: "3.1.3"
sdks:
  dart: ">=3.10.8 <4.0.0"
  flutter: ">=3.38.4"
